
Microsoft Visual Studio Solution File, Format Version 12.00
# Visual Studio Version 17
VisualStudioVersion = 17.6.33712.159
MinimumVisualStudioVersion = 10.0.40219.1
Project("{FAE04EC0-301F-11D3-BF4B-00C04F79EFBC}") = "API", "API.csproj", "{A26389A5-1013-43B4-900C-7121A03893B5}"
EndProject
Global
	GlobalSection(SolutionConfigurationPlatforms) = preSolution
		Debug|Any CPU = Debug|Any CPU
		Release|Any CPU = Release|Any CPU
	EndGlobalSection
	GlobalSection(ProjectConfigurationPlatforms) = postSolution
		{A26389A5-1013-43B4-900C-7121A03893B5}.Debug|Any CPU.ActiveCfg = Debug|Any CPU
		{A26389A5-1013-43B4-900C-7121A03893B5}.Debug|Any CPU.Build.0 = Debug|Any CPU
		{A26389A5-1013-43B4-900C-7121A03893B5}.Release|Any CPU.ActiveCfg = Release|Any CPU
		{A26389A5-1013-43B4-900C-7121A03893B5}.Release|Any CPU.Build.0 = Release|Any CPU
	EndGlobalSection
	GlobalSection(SolutionProperties) = preSolution
		HideSolutionNode = FALSE
	EndGlobalSection
	GlobalSection(ExtensibilityGlobals) = postSolution
		SolutionGuid = {7A2DE70F-E467-48B3-8A81-FC35E5455488}
	EndGlobalSection
EndGlobal
